
Microsoft Visual Studio Solution File, Format Version 12.00
# Visual Studio Version 17
VisualStudioVersion = 17.7.34031.279
MinimumVisualStudioVersion = 10.0.40219.1
Project("{FAE04EC0-301F-11D3-BF4B-00C04F79EFBC}") = "TrackerLibrary", "TrackerLibrary\TrackerLibrary.csproj", "{579C9B71-F063-4F6E-AFD9-95596930F5BE}"
EndProject
Project("{FAE04EC0-301F-11D3-BF4B-00C04F79EFBC}") = "TrackerUI", "TrackerUI\TrackerUI.csproj", "{9DA8E1D1-DF6F-46FC-BF6F-78E7EE81A4C1}"
EndProject
Global
	GlobalSection(SolutionConfigurationPlatforms) = preSolution
		Debug|Any CPU = Debug|Any CPU
		Release|Any CPU = Release|Any CPU
	EndGlobalSection
	GlobalSection(ProjectConfigurationPlatforms) = postSolution
		{579C9B71-F063-4F6E-AFD9-95596930F5BE}.Debug|Any CPU.ActiveCfg = Debug|Any CPU
		{579C9B71-F063-4F6E-AFD9-95596930F5BE}.Debug|Any CPU.Build.0 = Debug|Any CPU
		{579C9B71-F063-4F6E-AFD9-95596930F5BE}.Release|Any CPU.ActiveCfg = Release|Any CPU
		{579C9B71-F063-4F6E-AFD9-95596930F5BE}.Release|Any CPU.Build.0 = Release|Any CPU
		{9DA8E1D1-DF6F-46FC-BF6F-78E7EE81A4C1}.Debug|Any CPU.ActiveCfg = Debug|Any CPU
		{9DA8E1D1-DF6F-46FC-BF6F-78E7EE81A4C1}.Debug|Any CPU.Build.0 = Debug|Any CPU
		{9DA8E1D1-DF6F-46FC-BF6F-78E7EE81A4C1}.Release|Any CPU.ActiveCfg = Release|Any CPU
		{9DA8E1D1-DF6F-46FC-BF6F-78E7EE81A4C1}.Release|Any CPU.Build.0 = Release|Any CPU
	EndGlobalSection
	GlobalSection(SolutionProperties) = preSolution
		HideSolutionNode = FALSE
	EndGlobalSection
	GlobalSection(ExtensibilityGlobals) = postSolution
		SolutionGuid = {B23566C0-2F35-47A5-91C0-314A7CE8EC15}
	EndGlobalSection
EndGlobal
